
Microsoft Visual Studio Solution File, Format Version 12.00
# Visual Studio Version 17
VisualStudioVersion = 17.4.33213.308
MinimumVisualStudioVersion = 10.0.40219.1
Project("{FAE04EC0-301F-11D3-BF4B-00C04F79EFBC}") = "Week9Lists", "Week9Lists\Week9Lists.csproj", "{7097996D-83D8-4FFB-A912-D6B431E78100}"
EndProject
Project("{FAE04EC0-301F-11D3-BF4B-00C04F79EFBC}") = "Week9ListsFinal", "Week9ListsFinal\Week9ListsFinal.csproj", "{34626B57-5C95-4EB1-A42A-448CE4B22359}"
EndProject
Global
	GlobalSection(SolutionConfigurationPlatforms) = preSolution
		Debug|Any CPU = Debug|Any CPU
		Release|Any CPU = Release|Any CPU
	EndGlobalSection
	GlobalSection(ProjectConfigurationPlatforms) = postSolution
		{7097996D-83D8-4FFB-A912-D6B431E78100}.Debug|Any CPU.ActiveCfg = Debug|Any CPU
		{7097996D-83D8-4FFB-A912-D6B431E78100}.Debug|Any CPU.Build.0 = Debug|Any CPU
		{7097996D-83D8-4FFB-A912-D6B431E78100}.Release|Any CPU.ActiveCfg = Release|Any CPU
		{7097996D-83D8-4FFB-A912-D6B431E78100}.Release|Any CPU.Build.0 = Release|Any CPU
		{34626B57-5C95-4EB1-A42A-448CE4B22359}.Debug|Any CPU.ActiveCfg = Debug|Any CPU
		{34626B57-5C95-4EB1-A42A-448CE4B22359}.Debug|Any CPU.Build.0 = Debug|Any CPU
		{34626B57-5C95-4EB1-A42A-448CE4B22359}.Release|Any CPU.ActiveCfg = Release|Any CPU
		{34626B57-5C95-4EB1-A42A-448CE4B22359}.Release|Any CPU.Build.0 = Release|Any CPU
	EndGlobalSection
	GlobalSection(SolutionProperties) = preSolution
		HideSolutionNode = FALSE
	EndGlobalSection
	GlobalSection(ExtensibilityGlobals) = postSolution
		SolutionGuid = {3662DFF7-42CD-4268-8A01-7BEA4012675A}
	EndGlobalSection
EndGlobal
